// !$*UTF8*$!
{
	archiveVersion = 1;
	classes = {
	};
	objectVersion = 46;
	objects = {

/* Begin PBXBuildFile section */
		76600DDA1F11941D00E84365 /* AppDelegate.swift in Sources */ = {isa = PBXBuildFile; fileRef = 76600DD91F11941D00E84365 /* AppDelegate.swift */; };
		76600DDF1F11941D00E84365 /* Main.storyboard in Resources */ = {isa = PBXBuildFile; fileRef = 76600DDD1F11941D00E84365 /* Main.storyboard */; };
		76600DE11F11941D00E84365 /* Assets.xcassets in Resources */ = {isa = PBXBuildFile; fileRef = 76600DE01F11941D00E84365 /* Assets.xcassets */; };
		76600DE41F11941D00E84365 /* LaunchScreen.storyboard in Resources */ = {isa = PBXBuildFile; fileRef = 76600DE21F11941D00E84365 /* LaunchScreen.storyboard */; };
		76600DEF1F11941D00E84365 /* GetHerHomeTests.swift in Sources */ = {isa = PBXBuildFile; fileRef = 76600DEE1F11941D00E84365 /* GetHerHomeTests.swift */; };
		76600DFA1F11941D00E84365 /* GetHerHomeUITests.swift in Sources */ = {isa = PBXBuildFile; fileRef = 76600DF91F11941D00E84365 /* GetHerHomeUITests.swift */; };
		76600E081F1196F100E84365 /* LogInViewController.swift in Sources */ = {isa = PBXBuildFile; fileRef = 76600E071F1196F100E84365 /* LogInViewController.swift */; };
		76600E0A1F11971600E84365 /* CreateAccountViewController.swift in Sources */ = {isa = PBXBuildFile; fileRef = 76600E091F11971600E84365 /* CreateAccountViewController.swift */; };
		76600E0C1F11975E00E84365 /* ListOrgsViewController.swift in Sources */ = {isa = PBXBuildFile; fileRef = 76600E0B1F11975E00E84365 /* ListOrgsViewController.swift */; };
		76600E0E1F11981E00E84365 /* OrgDetailsViewController.swift in Sources */ = {isa = PBXBuildFile; fileRef = 76600E0D1F11981E00E84365 /* OrgDetailsViewController.swift */; };
		76600E101F11985600E84365 /* MapViewController.swift in Sources */ = {isa = PBXBuildFile; fileRef = 76600E0F1F11985600E84365 /* MapViewController.swift */; };
		76600E121F119B7600E84365 /* RideDetailsViewController.swift in Sources */ = {isa = PBXBuildFile; fileRef = 76600E111F119B7600E84365 /* RideDetailsViewController.swift */; };
		76600E141F119CF600E84365 /* DonatorViewController.swift in Sources */ = {isa = PBXBuildFile; fileRef = 76600E131F119CF600E84365 /* DonatorViewController.swift */; };
		76600E161F11B15300E84365 /* OrgTableViewCell.swift in Sources */ = {isa = PBXBuildFile; fileRef = 76600E151F11B15300E84365 /* OrgTableViewCell.swift */; };
		76600E1A1F11D28200E84365 /* GooglePlaces.swift in Sources */ = {isa = PBXBuildFile; fileRef = 76600E191F11D28200E84365 /* GooglePlaces.swift */; };
		76E774ED1F12BB70009DFF87 /* lyft.jpg in Resources */ = {isa = PBXBuildFile; fileRef = 76E774EC1F12BB70009DFF87 /* lyft.jpg */; };
		76E774F31F12C4B5009DFF87 /* bg.png in Resources */ = {isa = PBXBuildFile; fileRef = 76E774F21F12C4B5009DFF87 /* bg.png */; };
		76E774F91F12CAB0009DFF87 /* SplashPage2.png in Resources */ = {isa = PBXBuildFile; fileRef = 76E774F81F12CAB0009DFF87 /* SplashPage2.png */; };
		76E774FB1F12D074009DFF87 /* CreateAccount1_top.png in Resources */ = {isa = PBXBuildFile; fileRef = 76E774FA1F12D074009DFF87 /* CreateAccount1_top.png */; };
		76F618B51F1277CE00A3B1C7 /* AWP.jpg in Resources */ = {isa = PBXBuildFile; fileRef = 76F618B41F1277CE00A3B1C7 /* AWP.jpg */; };
		7A8222B63049A3D91189382D /* Pods_GetHerHomeTests.framework in Frameworks */ = {isa = PBXBuildFile; fileRef = F1B78365254E4F682C4E7A1D /* Pods_GetHerHomeTests.framework */; };
		7F62995380AF77649856030E /* Pods_GetHerHome.framework in Frameworks */ = {isa = PBXBuildFile; fileRef = 9FF1D620CEB8AF97B6B5F0CF /* Pods_GetHerHome.framework */; };
		F77E24BBEFE9629CFE5B6576 /* Pods_GetHerHomeUITests.framework in Frameworks */ = {isa = PBXBuildFile; fileRef = FA330ECB07E14CD43CB883C6 /* Pods_GetHerHomeUITests.framework */; };
/* End PBXBuildFile section */

/* Begin PBXContainerItemProxy section */
		76600DEB1F11941D00E84365 /* PBXContainerItemProxy */ = {
			isa = PBXContainerItemProxy;
			containerPortal = 76600DCE1F11941D00E84365 /* Project object */;
			proxyType = 1;
			remoteGlobalIDString = 76600DD51F11941D00E84365;
			remoteInfo = GetHerHome;
		};
		76600DF61F11941D00E84365 /* PBXContainerItemProxy */ = {
			isa = PBXContainerItemProxy;
			containerPortal = 76600DCE1F11941D00E84365 /* Project object */;
			proxyType = 1;
			remoteGlobalIDString = 76600DD51F11941D00E84365;
			remoteInfo = GetHerHome;
		};
/* End PBXContainerItemProxy section */

/* Begin PBXFileReference section */
		406B1F92689BD070ED1C3ADE /* Pods-GetHerHome.release.xcconfig */ = {isa = PBXFileReference; includeInIndex = 1; lastKnownFileType = text.xcconfig; name = "Pods-GetHerHome.release.xcconfig"; path = "Pods/Target Support Files/Pods-GetHerHome/Pods-GetHerHome.release.xcconfig"; sourceTree = "<group>"; };
		76600DD61F11941D00E84365 /* GetHerHome.app */ = {isa = PBXFileReference; explicitFileType = wrapper.application; includeInIndex = 0; path = GetHerHome.app; sourceTree = BUILT_PRODUCTS_DIR; };
		76600DD91F11941D00E84365 /* AppDelegate.swift */ = {isa = PBXFileReference; lastKnownFileType = sourcecode.swift; path = AppDelegate.swift; sourceTree = "<group>"; };
		76600DDE1F11941D00E84365 /* Base */ = {isa = PBXFileReference; lastKnownFileType = file.storyboard; name = Base; path = Base.lproj/Main.storyboard; sourceTree = "<group>"; };
		76600DE01F11941D00E84365 /* Assets.xcassets */ = {isa = PBXFileReference; lastKnownFileType = folder.assetcatalog; path = Assets.xcassets; sourceTree = "<group>"; };
		76600DE31F11941D00E84365 /* Base */ = {isa = PBXFileReference; lastKnownFileType = file.storyboard; name = Base; path = Base.lproj/LaunchScreen.storyboard; sourceTree = "<group>"; };
		76600DE51F11941D00E84365 /* Info.plist */ = {isa = PBXFileReference; lastKnownFileType = text.plist.xml; path = Info.plist; sourceTree = "<group>"; };
		76600DEA1F11941D00E84365 /* GetHerHomeTests.xctest */ = {isa = PBXFileReference; explicitFileType = wrapper.cfbundle; includeInIndex = 0; path = GetHerHomeTests.xctest; sourceTree = BUILT_PRODUCTS_DIR; };
		76600DEE1F11941D00E84365 /* GetHerHomeTests.swift */ = {isa = PBXFileReference; lastKnownFileType = sourcecode.swift; path = GetHerHomeTests.swift; sourceTree = "<group>"; };
		76600DF01F11941D00E84365 /* Info.plist */ = {isa = PBXFileReference; lastKnownFileType = text.plist.xml; path = Info.plist; sourceTree = "<group>"; };
		76600DF51F11941D00E84365 /* GetHerHomeUITests.xctest */ = {isa = PBXFileReference; explicitFileType = wrapper.cfbundle; includeInIndex = 0; path = GetHerHomeUITests.xctest; sourceTree = BUILT_PRODUCTS_DIR; };
		76600DF91F11941D00E84365 /* GetHerHomeUITests.swift */ = {isa = PBXFileReference; lastKnownFileType = sourcecode.swift; path = GetHerHomeUITests.swift; sourceTree = "<group>"; };
		76600DFB1F11941D00E84365 /* Info.plist */ = {isa = PBXFileReference; lastKnownFileType = text.plist.xml; path = Info.plist; sourceTree = "<group>"; };
		76600E071F1196F100E84365 /* LogInViewController.swift */ = {isa = PBXFileReference; fileEncoding = 4; lastKnownFileType = sourcecode.swift; path = LogInViewController.swift; sourceTree = "<group>"; };
		76600E091F11971600E84365 /* CreateAccountViewController.swift */ = {isa = PBXFileReference; fileEncoding = 4; lastKnownFileType = sourcecode.swift; path = CreateAccountViewController.swift; sourceTree = "<group>"; };
		76600E0B1F11975E00E84365 /* ListOrgsViewController.swift */ = {isa = PBXFileReference; fileEncoding = 4; lastKnownFileType = sourcecode.swift; path = ListOrgsViewController.swift; sourceTree = "<group>"; };
		76600E0D1F11981E00E84365 /* OrgDetailsViewController.swift */ = {isa = PBXFileReference; fileEncoding = 4; lastKnownFileType = sourcecode.swift; path = OrgDetailsViewController.swift; sourceTree = "<group>"; };
		76600E0F1F11985600E84365 /* MapViewController.swift */ = {isa = PBXFileReference; fileEncoding = 4; lastKnownFileType = sourcecode.swift; path = MapViewController.swift; sourceTree = "<group>"; };
		76600E111F119B7600E84365 /* RideDetailsViewController.swift */ = {isa = PBXFileReference; fileEncoding = 4; lastKnownFileType = sourcecode.swift; path = RideDetailsViewController.swift; sourceTree = "<group>"; };
		76600E131F119CF600E84365 /* DonatorViewController.swift */ = {isa = PBXFileReference; fileEncoding = 4; lastKnownFileType = sourcecode.swift; path = DonatorViewController.swift; sourceTree = "<group>"; };
		76600E151F11B15300E84365 /* OrgTableViewCell.swift */ = {isa = PBXFileReference; fileEncoding = 4; lastKnownFileType = sourcecode.swift; path = OrgTableViewCell.swift; sourceTree = "<group>"; };
		76600E191F11D28200E84365 /* GooglePlaces.swift */ = {isa = PBXFileReference; fileEncoding = 4; lastKnownFileType = sourcecode.swift; path = GooglePlaces.swift; sourceTree = "<group>"; };
		76E774EC1F12BB70009DFF87 /* lyft.jpg */ = {isa = PBXFileReference; lastKnownFileType = image.jpeg; name = lyft.jpg; path = Assets.xcassets/lyft.jpg; sourceTree = "<group>"; };
		76E774F21F12C4B5009DFF87 /* bg.png */ = {isa = PBXFileReference; lastKnownFileType = image.png; path = bg.png; sourceTree = "<group>"; };
		76E774F81F12CAB0009DFF87 /* SplashPage2.png */ = {isa = PBXFileReference; lastKnownFileType = image.png; path = SplashPage2.png; sourceTree = "<group>"; };
		76E774FA1F12D074009DFF87 /* CreateAccount1_top.png */ = {isa = PBXFileReference; lastKnownFileType = image.png; path = CreateAccount1_top.png; sourceTree = "<group>"; };
		76F618B41F1277CE00A3B1C7 /* AWP.jpg */ = {isa = PBXFileReference; lastKnownFileType = image.jpeg; name = AWP.jpg; path = Assets.xcassets/AWP.jpg; sourceTree = "<group>"; };
		98E46CC32FF9EBF043B616AB /* Pods-GetHerHomeUITests.debug.xcconfig */ = {isa = PBXFileReference; includeInIndex = 1; lastKnownFileType = text.xcconfig; name = "Pods-GetHerHomeUITests.debug.xcconfig"; path = "Pods/Target Support Files/Pods-GetHerHomeUITests/Pods-GetHerHomeUITests.debug.xcconfig"; sourceTree = "<group>"; };
		9FF1D620CEB8AF97B6B5F0CF /* Pods_GetHerHome.framework */ = {isa = PBXFileReference; explicitFileType = wrapper.framework; includeInIndex = 0; path = Pods_GetHerHome.framework; sourceTree = BUILT_PRODUCTS_DIR; };
		A2003F791F0E4A22229D87DA /* Pods-GetHerHome.debug.xcconfig */ = {isa = PBXFileReference; includeInIndex = 1; lastKnownFileType = text.xcconfig; name = "Pods-GetHerHome.debug.xcconfig"; path = "Pods/Target Support Files/Pods-GetHerHome/Pods-GetHerHome.debug.xcconfig"; sourceTree = "<group>"; };
		B021B0C085838C8F1F2E14B5 /* Pods-GetHerHomeUITests.release.xcconfig */ = {isa = PBXFileReference; includeInIndex = 1; lastKnownFileType = text.xcconfig; name = "Pods-GetHerHomeUITests.release.xcconfig"; path = "Pods/Target Support Files/Pods-GetHerHomeUITests/Pods-GetHerHomeUITests.release.xcconfig"; sourceTree = "<group>"; };
		BFA268C404D3716B63832675 /* Pods-GetHerHomeTests.release.xcconfig */ = {isa = PBXFileReference; includeInIndex = 1; lastKnownFileType = text.xcconfig; name = "Pods-GetHerHomeTests.release.xcconfig"; path = "Pods/Target Support Files/Pods-GetHerHomeTests/Pods-GetHerHomeTests.release.xcconfig"; sourceTree = "<group>"; };
		CDD730A8E0434B5917DD69DC /* Pods-GetHerHomeTests.debug.xcconfig */ = {isa = PBXFileReference; includeInIndex = 1; lastKnownFileType = text.xcconfig; name = "Pods-GetHerHomeTests.debug.xcconfig"; path = "Pods/Target Support Files/Pods-GetHerHomeTests/Pods-GetHerHomeTests.debug.xcconfig"; sourceTree = "<group>"; };
		F1B78365254E4F682C4E7A1D /* Pods_GetHerHomeTests.framework */ = {isa = PBXFileReference; explicitFileType = wrapper.framework; includeInIndex = 0; path = Pods_GetHerHomeTests.framework; sourceTree = BUILT_PRODUCTS_DIR; };
		FA330ECB07E14CD43CB883C6 /* Pods_GetHerHomeUITests.framework */ = {isa = PBXFileReference; explicitFileType = wrapper.framework; includeInIndex = 0; path = Pods_GetHerHomeUITests.framework; sourceTree = BUILT_PRODUCTS_DIR; };
/* End PBXFileReference section */

/* Begin PBXFrameworksBuildPhase section */
		76600DD31F11941D00E84365 /* Frameworks */ = {
			isa = PBXFrameworksBuildPhase;
			buildActionMask = 2147483647;
			files = (
				7F62995380AF77649856030E /* Pods_GetHerHome.framework in Frameworks */,
			);
			runOnlyForDeploymentPostprocessing = 0;
		};
		76600DE71F11941D00E84365 /* Frameworks */ = {
			isa = PBXFrameworksBuildPhase;
			buildActionMask = 2147483647;
			files = (
				7A8222B63049A3D91189382D /* Pods_GetHerHomeTests.framework in Frameworks */,
			);
			runOnlyForDeploymentPostprocessing = 0;
		};
		76600DF21F11941D00E84365 /* Frameworks */ = {
			isa = PBXFrameworksBuildPhase;
			buildActionMask = 2147483647;
			files = (
				F77E24BBEFE9629CFE5B6576 /* Pods_GetHerHomeUITests.framework in Frameworks */,
			);
			runOnlyForDeploymentPostprocessing = 0;
		};
/* End PBXFrameworksBuildPhase section */

/* Begin PBXGroup section */
		4BD6F7BC1E7911AFA88AE84A /* Pods */ = {
			isa = PBXGroup;
			children = (
				A2003F791F0E4A22229D87DA /* Pods-GetHerHome.debug.xcconfig */,
				406B1F92689BD070ED1C3ADE /* Pods-GetHerHome.release.xcconfig */,
				CDD730A8E0434B5917DD69DC /* Pods-GetHerHomeTests.debug.xcconfig */,
				BFA268C404D3716B63832675 /* Pods-GetHerHomeTests.release.xcconfig */,
				98E46CC32FF9EBF043B616AB /* Pods-GetHerHomeUITests.debug.xcconfig */,
				B021B0C085838C8F1F2E14B5 /* Pods-GetHerHomeUITests.release.xcconfig */,
			);
			name = Pods;
			sourceTree = "<group>";
		};
		76600DCD1F11941D00E84365 = {
			isa = PBXGroup;
			children = (
				76600DD81F11941D00E84365 /* GetHerHome */,
				76600DED1F11941D00E84365 /* GetHerHomeTests */,
				76600DF81F11941D00E84365 /* GetHerHomeUITests */,
				76600DD71F11941D00E84365 /* Products */,
				4BD6F7BC1E7911AFA88AE84A /* Pods */,
				892DABDB17B5024DAA5BEA8D /* Frameworks */,
			);
			sourceTree = "<group>";
		};
		76600DD71F11941D00E84365 /* Products */ = {
			isa = PBXGroup;
			children = (
				76600DD61F11941D00E84365 /* GetHerHome.app */,
				76600DEA1F11941D00E84365 /* GetHerHomeTests.xctest */,
				76600DF51F11941D00E84365 /* GetHerHomeUITests.xctest */,
			);
			name = Products;
			sourceTree = "<group>";
		};
		76600DD81F11941D00E84365 /* GetHerHome */ = {
			isa = PBXGroup;
			children = (
				76600E181F11C93F00E84365 /* Client */,
				76600E171F11C92700E84365 /* View Controllers */,
				76600DDD1F11941D00E84365 /* Main.storyboard */,
				76600DE21F11941D00E84365 /* LaunchScreen.storyboard */,
				76600DE01F11941D00E84365 /* Assets.xcassets */,
				76F618B61F1277D600A3B1C7 /* Images */,
				76600DE51F11941D00E84365 /* Info.plist */,
			);
			path = GetHerHome;
			sourceTree = "<group>";
		};
		76600DED1F11941D00E84365 /* GetHerHomeTests */ = {
			isa = PBXGroup;
			children = (
				76600DEE1F11941D00E84365 /* GetHerHomeTests.swift */,
				76600DF01F11941D00E84365 /* Info.plist */,
			);
			path = GetHerHomeTests;
			sourceTree = "<group>";
		};
		76600DF81F11941D00E84365 /* GetHerHomeUITests */ = {
			isa = PBXGroup;
			children = (
				76600DF91F11941D00E84365 /* GetHerHomeUITests.swift */,
				76600DFB1F11941D00E84365 /* Info.plist */,
			);
			path = GetHerHomeUITests;
			sourceTree = "<group>";
		};
		76600E171F11C92700E84365 /* View Controllers */ = {
			isa = PBXGroup;
			children = (
				76600DD91F11941D00E84365 /* AppDelegate.swift */,
				76600E071F1196F100E84365 /* LogInViewController.swift */,
				76600E091F11971600E84365 /* CreateAccountViewController.swift */,
				76600E0B1F11975E00E84365 /* ListOrgsViewController.swift */,
				76600E0D1F11981E00E84365 /* OrgDetailsViewController.swift */,
				76600E151F11B15300E84365 /* OrgTableViewCell.swift */,
				76600E0F1F11985600E84365 /* MapViewController.swift */,
				76600E111F119B7600E84365 /* RideDetailsViewController.swift */,
				76600E131F119CF600E84365 /* DonatorViewController.swift */,
			);
			name = "View Controllers";
			sourceTree = "<group>";
		};
		76600E181F11C93F00E84365 /* Client */ = {
			isa = PBXGroup;
			children = (
				76600E191F11D28200E84365 /* GooglePlaces.swift */,
			);
			name = Client;
			sourceTree = "<group>";
		};
		76F618B61F1277D600A3B1C7 /* Images */ = {
			isa = PBXGroup;
			children = (
				76E774EC1F12BB70009DFF87 /* lyft.jpg */,
				76E774F81F12CAB0009DFF87 /* SplashPage2.png */,
				76E774FA1F12D074009DFF87 /* CreateAccount1_top.png */,
				76E774F21F12C4B5009DFF87 /* bg.png */,
				76F618B41F1277CE00A3B1C7 /* AWP.jpg */,
			);
			name = Images;
			sourceTree = "<group>";
		};
		892DABDB17B5024DAA5BEA8D /* Frameworks */ = {
			isa = PBXGroup;
			children = (
				9FF1D620CEB8AF97B6B5F0CF /* Pods_GetHerHome.framework */,
				F1B78365254E4F682C4E7A1D /* Pods_GetHerHomeTests.framework */,
				FA330ECB07E14CD43CB883C6 /* Pods_GetHerHomeUITests.framework */,
			);
			name = Frameworks;
			sourceTree = "<group>";
		};
/* End PBXGroup section */

/* Begin PBXNativeTarget section */
		76600DD51F11941D00E84365 /* GetHerHome */ = {
			isa = PBXNativeTarget;
			buildConfigurationList = 76600DFE1F11941D00E84365 /* Build configuration list for PBXNativeTarget "GetHerHome" */;
			buildPhases = (
				61866ABDF1ED272AD985D3E6 /* [CP] Check Pods Manifest.lock */,
				76600DD21F11941D00E84365 /* Sources */,
				76600DD31F11941D00E84365 /* Frameworks */,
				76600DD41F11941D00E84365 /* Resources */,
				E87A2ECAC06B58BF2C33D4D6 /* [CP] Embed Pods Frameworks */,
				5196E30864C2EB94DBED6852 /* [CP] Copy Pods Resources */,
			);
			buildRules = (
			);
			dependencies = (
			);
			name = GetHerHome;
			productName = GetHerHome;
			productReference = 76600DD61F11941D00E84365 /* GetHerHome.app */;
			productType = "com.apple.product-type.application";
		};
		76600DE91F11941D00E84365 /* GetHerHomeTests */ = {
			isa = PBXNativeTarget;
			buildConfigurationList = 76600E011F11941D00E84365 /* Build configuration list for PBXNativeTarget "GetHerHomeTests" */;
			buildPhases = (
				29C29F6746B0B33CA7808F69 /* [CP] Check Pods Manifest.lock */,
				76600DE61F11941D00E84365 /* Sources */,
				76600DE71F11941D00E84365 /* Frameworks */,
				76600DE81F11941D00E84365 /* Resources */,
				F1774C7FF65F3D2F29F2F7E3 /* [CP] Embed Pods Frameworks */,
				CC3C9F0B3BBDEEFA4E2ECDDB /* [CP] Copy Pods Resources */,
			);
			buildRules = (
			);
			dependencies = (
				76600DEC1F11941D00E84365 /* PBXTargetDependency */,
			);
			name = GetHerHomeTests;
			productName = GetHerHomeTests;
			productReference = 76600DEA1F11941D00E84365 /* GetHerHomeTests.xctest */;
			productType = "com.apple.product-type.bundle.unit-test";
		};
		76600DF41F11941D00E84365 /* GetHerHomeUITests */ = {
			isa = PBXNativeTarget;
			buildConfigurationList = 76600E041F11941D00E84365 /* Build configuration list for PBXNativeTarget "GetHerHomeUITests" */;
			buildPhases = (
				8F9553B11DABE129DD196A77 /* [CP] Check Pods Manifest.lock */,
				76600DF11F11941D00E84365 /* Sources */,
				76600DF21F11941D00E84365 /* Frameworks */,
				76600DF31F11941D00E84365 /* Resources */,
				2E83E3B795CCCCEC5502609D /* [CP] Embed Pods Frameworks */,
				B1564DCEEFB2DBED48319787 /* [CP] Copy Pods Resources */,
			);
			buildRules = (
			);
			dependencies = (
				76600DF71F11941D00E84365 /* PBXTargetDependency */,
			);
			name = GetHerHomeUITests;
			productName = GetHerHomeUITests;
			productReference = 76600DF51F11941D00E84365 /* GetHerHomeUITests.xctest */;
			productType = "com.apple.product-type.bundle.ui-testing";
		};
/* End PBXNativeTarget section */

/* Begin PBXProject section */
		76600DCE1F11941D00E84365 /* Project object */ = {
			isa = PBXProject;
			attributes = {
				LastSwiftUpdateCheck = 0830;
				LastUpgradeCheck = 0830;
				ORGANIZATIONNAME = "Savannah McCoy";
				TargetAttributes = {
					76600DD51F11941D00E84365 = {
						CreatedOnToolsVersion = 8.3;
						DevelopmentTeam = 6ZD82QXX95;
						ProvisioningStyle = Automatic;
					};
					76600DE91F11941D00E84365 = {
						CreatedOnToolsVersion = 8.3;
						DevelopmentTeam = 6ZD82QXX95;
						ProvisioningStyle = Automatic;
						TestTargetID = 76600DD51F11941D00E84365;
					};
					76600DF41F11941D00E84365 = {
						CreatedOnToolsVersion = 8.3;
						DevelopmentTeam = 6ZD82QXX95;
						ProvisioningStyle = Automatic;
						TestTargetID = 76600DD51F11941D00E84365;
					};
				};
			};
			buildConfigurationList = 76600DD11F11941D00E84365 /* Build configuration list for PBXProject "GetHerHome" */;
			compatibilityVersion = "Xcode 3.2";
			developmentRegion = English;
			hasScannedForEncodings = 0;
			knownRegions = (
				en,
				Base,
			);
			mainGroup = 76600DCD1F11941D00E84365;
			productRefGroup = 76600DD71F11941D00E84365 /* Products */;
			projectDirPath = "";
			projectRoot = "";
			targets = (
				76600DD51F11941D00E84365 /* GetHerHome */,
				76600DE91F11941D00E84365 /* GetHerHomeTests */,
				76600DF41F11941D00E84365 /* GetHerHomeUITests */,
			);
		};
/* End PBXProject section */

/* Begin PBXResourcesBuildPhase section */
		76600DD41F11941D00E84365 /* Resources */ = {
			isa = PBXResourcesBuildPhase;
			buildActionMask = 2147483647;
			files = (
				76600DE41F11941D00E84365 /* LaunchScreen.storyboard in Resources */,
				76E774ED1F12BB70009DFF87 /* lyft.jpg in Resources */,
				76600DE11F11941D00E84365 /* Assets.xcassets in Resources */,
				76F618B51F1277CE00A3B1C7 /* AWP.jpg in Resources */,
				76E774F91F12CAB0009DFF87 /* SplashPage2.png in Resources */,
				76E774FB1F12D074009DFF87 /* CreateAccount1_top.png in Resources */,
				76E774F31F12C4B5009DFF87 /* bg.png in Resources */,
				76600DDF1F11941D00E84365 /* Main.storyboard in Resources */,
			);
			runOnlyForDeploymentPostprocessing = 0;
		};
		76600DE81F11941D00E84365 /* Resources */ = {
			isa = PBXResourcesBuildPhase;
			buildActionMask = 2147483647;
			files = (
			);
			runOnlyForDeploymentPostprocessing = 0;
		};
		76600DF31F11941D00E84365 /* Resources */ = {
			isa = PBXResourcesBuildPhase;
			buildActionMask = 2147483647;
			files = (
			);
			runOnlyForDeploymentPostprocessing = 0;
		};
/* End PBXResourcesBuildPhase section */

/* Begin PBXShellScriptBuildPhase section */
		29C29F6746B0B33CA7808F69 /* [CP] Check Pods Manifest.lock */ = {
			isa = PBXShellScriptBuildPhase;
			buildActionMask = 2147483647;
			files = (
			);
			inputPaths = (
			);
			name = "[CP] Check Pods Manifest.lock";
			outputPaths = (
			);
			runOnlyForDeploymentPostprocessing = 0;
			shellPath = /bin/sh;
			shellScript = "diff \"${PODS_ROOT}/../Podfile.lock\" \"${PODS_ROOT}/Manifest.lock\" > /dev/null\nif [ $? != 0 ] ; then\n    # print error to STDERR\n    echo \"error: The sandbox is not in sync with the Podfile.lock. Run 'pod install' or update your CocoaPods installation.\" >&2\n    exit 1\nfi\n";
			showEnvVarsInLog = 0;
		};
		2E83E3B795CCCCEC5502609D /* [CP] Embed Pods Frameworks */ = {
			isa = PBXShellScriptBuildPhase;
			buildActionMask = 2147483647;
			files = (
			);
			inputPaths = (
			);
			name = "[CP] Embed Pods Frameworks";
			outputPaths = (
			);
			runOnlyForDeploymentPostprocessing = 0;
			shellPath = /bin/sh;
			shellScript = "\"${SRCROOT}/Pods/Target Support Files/Pods-GetHerHomeUITests/Pods-GetHerHomeUITests-frameworks.sh\"\n";
			showEnvVarsInLog = 0;
		};
		5196E30864C2EB94DBED6852 /* [CP] Copy Pods Resources */ = {
			isa = PBXShellScriptBuildPhase;
			buildActionMask = 2147483647;
			files = (
			);
			inputPaths = (
			);
			name = "[CP] Copy Pods Resources";
			outputPaths = (
			);
			runOnlyForDeploymentPostprocessing = 0;
			shellPath = /bin/sh;
			shellScript = "\"${SRCROOT}/Pods/Target Support Files/Pods-GetHerHome/Pods-GetHerHome-resources.sh\"\n";
			showEnvVarsInLog = 0;
		};
		61866ABDF1ED272AD985D3E6 /* [CP] Check Pods Manifest.lock */ = {
			isa = PBXShellScriptBuildPhase;
			buildActionMask = 2147483647;
			files = (
			);
			inputPaths = (
			);
			name = "[CP] Check Pods Manifest.lock";
			outputPaths = (
			);
			runOnlyForDeploymentPostprocessing = 0;
			shellPath = /bin/sh;
			shellScript = "diff \"${PODS_ROOT}/../Podfile.lock\" \"${PODS_ROOT}/Manifest.lock\" > /dev/null\nif [ $? != 0 ] ; then\n    # print error to STDERR\n    echo \"error: The sandbox is not in sync with the Podfile.lock. Run 'pod install' or update your CocoaPods installation.\" >&2\n    exit 1\nfi\n";
			showEnvVarsInLog = 0;
		};
		8F9553B11DABE129DD196A77 /* [CP] Check Pods Manifest.lock */ = {
			isa = PBXShellScriptBuildPhase;
			buildActionMask = 2147483647;
			files = (
			);
			inputPaths = (
			);
			name = "[CP] Check Pods Manifest.lock";
			outputPaths = (
			);
			runOnlyForDeploymentPostprocessing = 0;
			shellPath = /bin/sh;
			shellScript = "diff \"${PODS_ROOT}/../Podfile.lock\" \"${PODS_ROOT}/Manifest.lock\" > /dev/null\nif [ $? != 0 ] ; then\n    # print error to STDERR\n    echo \"error: The sandbox is not in sync with the Podfile.lock. Run 'pod install' or update your CocoaPods installation.\" >&2\n    exit 1\nfi\n";
			showEnvVarsInLog = 0;
		};
		B1564DCEEFB2DBED48319787 /* [CP] Copy Pods Resources */ = {
			isa = PBXShellScriptBuildPhase;
			buildActionMask = 2147483647;
			files = (
			);
			inputPaths = (
			);
			name = "[CP] Copy Pods Resources";
			outputPaths = (
			);
			runOnlyForDeploymentPostprocessing = 0;
			shellPath = /bin/sh;
			shellScript = "\"${SRCROOT}/Pods/Target Support Files/Pods-GetHerHomeUITests/Pods-GetHerHomeUITests-resources.sh\"\n";
			showEnvVarsInLog = 0;
		};
		CC3C9F0B3BBDEEFA4E2ECDDB /* [CP] Copy Pods Resources */ = {
			isa = PBXShellScriptBuildPhase;
			buildActionMask = 2147483647;
			files = (
			);
			inputPaths = (
			);
			name = "[CP] Copy Pods Resources";
			outputPaths = (
			);
			runOnlyForDeploymentPostprocessing = 0;
			shellPath = /bin/sh;
			shellScript = "\"${SRCROOT}/Pods/Target Support Files/Pods-GetHerHomeTests/Pods-GetHerHomeTests-resources.sh\"\n";
			showEnvVarsInLog = 0;
		};
		E87A2ECAC06B58BF2C33D4D6 /* [CP] Embed Pods Frameworks */ = {
			isa = PBXShellScriptBuildPhase;
			buildActionMask = 2147483647;
			files = (
			);
			inputPaths = (
			);
			name = "[CP] Embed Pods Frameworks";
			outputPaths = (
			);
			runOnlyForDeploymentPostprocessing = 0;
			shellPath = /bin/sh;
			shellScript = "\"${SRCROOT}/Pods/Target Support Files/Pods-GetHerHome/Pods-GetHerHome-frameworks.sh\"\n";
			showEnvVarsInLog = 0;
		};
		F1774C7FF65F3D2F29F2F7E3 /* [CP] Embed Pods Frameworks */ = {
			isa = PBXShellScriptBuildPhase;
			buildActionMask = 2147483647;
			files = (
			);
			inputPaths = (
			);
			name = "[CP] Embed Pods Frameworks";
			outputPaths = (
			);
			runOnlyForDeploymentPostprocessing = 0;
			shellPath = /bin/sh;
			shellScript = "\"${SRCROOT}/Pods/Target Support Files/Pods-GetHerHomeTests/Pods-GetHerHomeTests-frameworks.sh\"\n";
			showEnvVarsInLog = 0;
		};
/* End PBXShellScriptBuildPhase section */

/* Begin PBXSourcesBuildPhase section */
		76600DD21F11941D00E84365 /* Sources */ = {
			isa = PBXSourcesBuildPhase;
			buildActionMask = 2147483647;
			files = (
				76600E0A1F11971600E84365 /* CreateAccountViewController.swift in Sources */,
				76600E161F11B15300E84365 /* OrgTableViewCell.swift in Sources */,
				76600E101F11985600E84365 /* MapViewController.swift in Sources */,
				76600E121F119B7600E84365 /* RideDetailsViewController.swift in Sources */,
				76600E0C1F11975E00E84365 /* ListOrgsViewController.swift in Sources */,
				76600E141F119CF600E84365 /* DonatorViewController.swift in Sources */,
				76600E1A1F11D28200E84365 /* GooglePlaces.swift in Sources */,
				76600E0E1F11981E00E84365 /* OrgDetailsViewController.swift in Sources */,
				76600DDA1F11941D00E84365 /* AppDelegate.swift in Sources */,
				76600E081F1196F100E84365 /* LogInViewController.swift in Sources */,
			);
			runOnlyForDeploymentPostprocessing = 0;
		};
		76600DE61F11941D00E84365 /* Sources */ = {
			isa = PBXSourcesBuildPhase;
			buildActionMask = 2147483647;
			files = (
				76600DEF1F11941D00E84365 /* GetHerHomeTests.swift in Sources */,
			);
			runOnlyForDeploymentPostprocessing = 0;
		};
		76600DF11F11941D00E84365 /* Sources */ = {
			isa = PBXSourcesBuildPhase;
			buildActionMask = 2147483647;
			files = (
				76600DFA1F11941D00E84365 /* GetHerHomeUITests.swift in Sources */,
			);
			runOnlyForDeploymentPostprocessing = 0;
		};
/* End PBXSourcesBuildPhase section */

/* Begin PBXTargetDependency section */
		76600DEC1F11941D00E84365 /* PBXTargetDependency */ = {
			isa = PBXTargetDependency;
			target = 76600DD51F11941D00E84365 /* GetHerHome */;
			targetProxy = 76600DEB1F11941D00E84365 /* PBXContainerItemProxy */;
		};
		76600DF71F11941D00E84365 /* PBXTargetDependency */ = {
			isa = PBXTargetDependency;
			target = 76600DD51F11941D00E84365 /* GetHerHome */;
			targetProxy = 76600DF61F11941D00E84365 /* PBXContainerItemProxy */;
		};
/* End PBXTargetDependency section */

/* Begin PBXVariantGroup section */
		76600DDD1F11941D00E84365 /* Main.storyboard */ = {
			isa = PBXVariantGroup;
			children = (
				76600DDE1F11941D00E84365 /* Base */,
			);
			name = Main.storyboard;
			sourceTree = "<group>";
		};
		76600DE21F11941D00E84365 /* LaunchScreen.storyboard */ = {
			isa = PBXVariantGroup;
			children = (
				76600DE31F11941D00E84365 /* Base */,
			);
			name = LaunchScreen.storyboard;
			sourceTree = "<group>";
		};
/* End PBXVariantGroup section */

/* Begin XCBuildConfiguration section */
		76600DFC1F11941D00E84365 /* Debug */ = {
			isa = XCBuildConfiguration;
			buildSettings = {
				ALWAYS_SEARCH_USER_PATHS = NO;
				CLANG_ANALYZER_NONNULL = YES;
				CLANG_ANALYZER_NUMBER_OBJECT_CONVERSION = YES_AGGRESSIVE;
				CLANG_CXX_LANGUAGE_STANDARD = "gnu++0x";
				CLANG_CXX_LIBRARY = "libc++";
				CLANG_ENABLE_MODULES = YES;
				CLANG_ENABLE_OBJC_ARC = YES;
				CLANG_WARN_BOOL_CONVERSION = YES;
				CLANG_WARN_CONSTANT_CONVERSION = YES;
				CLANG_WARN_DIRECT_OBJC_ISA_USAGE = YES_ERROR;
				CLANG_WARN_DOCUMENTATION_COMMENTS = YES;
				CLANG_WARN_EMPTY_BODY = YES;
				CLANG_WARN_ENUM_CONVERSION = YES;
				CLANG_WARN_INFINITE_RECURSION = YES;
				CLANG_WARN_INT_CONVERSION = YES;
				CLANG_WARN_OBJC_ROOT_CLASS = YES_ERROR;
				CLANG_WARN_SUSPICIOUS_MOVE = YES;
				CLANG_WARN_UNREACHABLE_CODE = YES;
				CLANG_WARN__DUPLICATE_METHOD_MATCH = YES;
				"CODE_SIGN_IDENTITY[sdk=iphoneos*]" = "iPhone Developer";
				COPY_PHASE_STRIP = NO;
				DEBUG_INFORMATION_FORMAT = dwarf;
				ENABLE_STRICT_OBJC_MSGSEND = YES;
				ENABLE_TESTABILITY = YES;
				GCC_C_LANGUAGE_STANDARD = gnu99;
				GCC_DYNAMIC_NO_PIC = NO;
				GCC_NO_COMMON_BLOCKS = YES;
				GCC_OPTIMIZATION_LEVEL = 0;
				GCC_PREPROCESSOR_DEFINITIONS = (
					"DEBUG=1",
					"$(inherited)",
				);
				GCC_WARN_64_TO_32_BIT_CONVERSION = YES;
				GCC_WARN_ABOUT_RETURN_TYPE = YES_ERROR;
				GCC_WARN_UNDECLARED_SELECTOR = YES;
				GCC_WARN_UNINITIALIZED_AUTOS = YES_AGGRESSIVE;
				GCC_WARN_UNUSED_FUNCTION = YES;
				GCC_WARN_UNUSED_VARIABLE = YES;
				IPHONEOS_DEPLOYMENT_TARGET = 10.3;
				MTL_ENABLE_DEBUG_INFO = YES;
				ONLY_ACTIVE_ARCH = YES;
				SDKROOT = iphoneos;
				SWIFT_ACTIVE_COMPILATION_CONDITIONS = DEBUG;
				SWIFT_OPTIMIZATION_LEVEL = "-Onone";
				SWIFT_REFLECTION_METADATA_LEVEL = all;
				TARGETED_DEVICE_FAMILY = "1,2";
			};
			name = Debug;
		};
		76600DFD1F11941D00E84365 /* Release */ = {
			isa = XCBuildConfiguration;
			buildSettings = {
				ALWAYS_SEARCH_USER_PATHS = NO;
				CLANG_ANALYZER_NONNULL = YES;
				CLANG_ANALYZER_NUMBER_OBJECT_CONVERSION = YES_AGGRESSIVE;
				CLANG_CXX_LANGUAGE_STANDARD = "gnu++0x";
				CLANG_CXX_LIBRARY = "libc++";
				CLANG_ENABLE_MODULES = YES;
				CLANG_ENABLE_OBJC_ARC = YES;
				CLANG_WARN_BOOL_CONVERSION = YES;
				CLANG_WARN_CONSTANT_CONVERSION = YES;
				CLANG_WARN_DIRECT_OBJC_ISA_USAGE = YES_ERROR;
				CLANG_WARN_DOCUMENTATION_COMMENTS = YES;
				CLANG_WARN_EMPTY_BODY = YES;
				CLANG_WARN_ENUM_CONVERSION = YES;
				CLANG_WARN_INFINITE_RECURSION = YES;
				CLANG_WARN_INT_CONVERSION = YES;
				CLANG_WARN_OBJC_ROOT_CLASS = YES_ERROR;
				CLANG_WARN_SUSPICIOUS_MOVE = YES;
				CLANG_WARN_UNREACHABLE_CODE = YES;
				CLANG_WARN__DUPLICATE_METHOD_MATCH = YES;
				"CODE_SIGN_IDENTITY[sdk=iphoneos*]" = "iPhone Developer";
				COPY_PHASE_STRIP = NO;
				DEBUG_INFORMATION_FORMAT = "dwarf-with-dsym";
				ENABLE_NS_ASSERTIONS = NO;
				ENABLE_STRICT_OBJC_MSGSEND = YES;
				GCC_C_LANGUAGE_STANDARD = gnu99;
				GCC_NO_COMMON_BLOCKS = YES;
				GCC_WARN_64_TO_32_BIT_CONVERSION = YES;
				GCC_WARN_ABOUT_RETURN_TYPE = YES_ERROR;
				GCC_WARN_UNDECLARED_SELECTOR = YES;
				GCC_WARN_UNINITIALIZED_AUTOS = YES_AGGRESSIVE;
				GCC_WARN_UNUSED_FUNCTION = YES;
				GCC_WARN_UNUSED_VARIABLE = YES;
				IPHONEOS_DEPLOYMENT_TARGET = 10.3;
				MTL_ENABLE_DEBUG_INFO = NO;
				SDKROOT = iphoneos;
				SWIFT_OPTIMIZATION_LEVEL = "-Owholemodule";
				SWIFT_REFLECTION_METADATA_LEVEL = all;
				TARGETED_DEVICE_FAMILY = "1,2";
				VALIDATE_PRODUCT = YES;
			};
			name = Release;
		};
		76600DFF1F11941D00E84365 /* Debug */ = {
			isa = XCBuildConfiguration;
			baseConfigurationReference = A2003F791F0E4A22229D87DA /* Pods-GetHerHome.debug.xcconfig */;
			buildSettings = {
				ASSETCATALOG_COMPILER_APPICON_NAME = AppIcon;
				DEVELOPMENT_TEAM = 6ZD82QXX95;
				INFOPLIST_FILE = GetHerHome/Info.plist;
				LD_RUNPATH_SEARCH_PATHS = "$(inherited) @executable_path/Frameworks";
				PRODUCT_BUNDLE_IDENTIFIER = svm.GetHerHome;
				PRODUCT_NAME = "$(TARGET_NAME)";
				SWIFT_REFLECTION_METADATA_LEVEL = all;
				SWIFT_VERSION = 3.0;
			};
			name = Debug;
		};
		76600E001F11941D00E84365 /* Release */ = {
			isa = XCBuildConfiguration;
			baseConfigurationReference = 406B1F92689BD070ED1C3ADE /* Pods-GetHerHome.release.xcconfig */;
			buildSettings = {
				ASSETCATALOG_COMPILER_APPICON_NAME = AppIcon;
				DEVELOPMENT_TEAM = 6ZD82QXX95;
				INFOPLIST_FILE = GetHerHome/Info.plist;
				LD_RUNPATH_SEARCH_PATHS = "$(inherited) @executable_path/Frameworks";
				PRODUCT_BUNDLE_IDENTIFIER = svm.GetHerHome;
				PRODUCT_NAME = "$(TARGET_NAME)";
				SWIFT_REFLECTION_METADATA_LEVEL = all;
				SWIFT_VERSION = 3.0;
			};
			name = Release;
		};
		76600E021F11941D00E84365 /* Debug */ = {
			isa = XCBuildConfiguration;
			baseConfigurationReference = CDD730A8E0434B5917DD69DC /* Pods-GetHerHomeTests.debug.xcconfig */;
			buildSettings = {
				ALWAYS_EMBED_SWIFT_STANDARD_LIBRARIES = YES;
				BUNDLE_LOADER = "$(TEST_HOST)";
				DEVELOPMENT_TEAM = 6ZD82QXX95;
				INFOPLIST_FILE = GetHerHomeTests/Info.plist;
				LD_RUNPATH_SEARCH_PATHS = "$(inherited) @executable_path/Frameworks @loader_path/Frameworks";
				PRODUCT_BUNDLE_IDENTIFIER = svm.GetHerHomeTests;
				PRODUCT_NAME = "$(TARGET_NAME)";
				SWIFT_VERSION = 3.0;
				TEST_HOST = "$(BUILT_PRODUCTS_DIR)/GetHerHome.app/GetHerHome";
			};
			name = Debug;
		};
		76600E031F11941D00E84365 /* Release */ = {
			isa = XCBuildConfiguration;
			baseConfigurationReference = BFA268C404D3716B63832675 /* Pods-GetHerHomeTests.release.xcconfig */;
			buildSettings = {
				ALWAYS_EMBED_SWIFT_STANDARD_LIBRARIES = YES;
				BUNDLE_LOADER = "$(TEST_HOST)";
				DEVELOPMENT_TEAM = 6ZD82QXX95;
				INFOPLIST_FILE = GetHerHomeTests/Info.plist;
				LD_RUNPATH_SEARCH_PATHS = "$(inherited) @executable_path/Frameworks @loader_path/Frameworks";
				PRODUCT_BUNDLE_IDENTIFIER = svm.GetHerHomeTests;
				PRODUCT_NAME = "$(TARGET_NAME)";
				SWIFT_VERSION = 3.0;
				TEST_HOST = "$(BUILT_PRODUCTS_DIR)/GetHerHome.app/GetHerHome";
			};
			name = Release;
		};
		76600E051F11941D00E84365 /* Debug */ = {
			isa = XCBuildConfiguration;
			baseConfigurationReference = 98E46CC32FF9EBF043B616AB /* Pods-GetHerHomeUITests.debug.xcconfig */;
			buildSettings = {
				ALWAYS_EMBED_SWIFT_STANDARD_LIBRARIES = YES;
				DEVELOPMENT_TEAM = 6ZD82QXX95;
				INFOPLIST_FILE = GetHerHomeUITests/Info.plist;
				LD_RUNPATH_SEARCH_PATHS = "$(inherited) @executable_path/Frameworks @loader_path/Frameworks";
				PRODUCT_BUNDLE_IDENTIFIER = svm.GetHerHomeUITests;
				PRODUCT_NAME = "$(TARGET_NAME)";
				SWIFT_VERSION = 3.0;
				TEST_TARGET_NAME = GetHerHome;
			};
			name = Debug;
		};
		76600E061F11941D00E84365 /* Release */ = {
			isa = XCBuildConfiguration;
			baseConfigurationReference = B021B0C085838C8F1F2E14B5 /* Pods-GetHerHomeUITests.release.xcconfig */;
			buildSettings = {
				ALWAYS_EMBED_SWIFT_STANDARD_LIBRARIES = YES;
				DEVELOPMENT_TEAM = 6ZD82QXX95;
				INFOPLIST_FILE = GetHerHomeUITests/Info.plist;
				LD_RUNPATH_SEARCH_PATHS = "$(inherited) @executable_path/Frameworks @loader_path/Frameworks";
				PRODUCT_BUNDLE_IDENTIFIER = svm.GetHerHomeUITests;
				PRODUCT_NAME = "$(TARGET_NAME)";
				SWIFT_VERSION = 3.0;
				TEST_TARGET_NAME = GetHerHome;
			};
			name = Release;
		};
/* End XCBuildConfiguration section */

/* Begin XCConfigurationList section */
		76600DD11F11941D00E84365 /* Build configuration list for PBXProject "GetHerHome" */ = {
			isa = XCConfigurationList;
			buildConfigurations = (
				76600DFC1F11941D00E84365 /* Debug */,
				76600DFD1F11941D00E84365 /* Release */,
			);
			defaultConfigurationIsVisible = 0;
			defaultConfigurationName = Release;
		};
		76600DFE1F11941D00E84365 /* Build configuration list for PBXNativeTarget "GetHerHome" */ = {
			isa = XCConfigurationList;
			buildConfigurations = (
				76600DFF1F11941D00E84365 /* Debug */,
				76600E001F11941D00E84365 /* Release */,
			);
			defaultConfigurationIsVisible = 0;
			defaultConfigurationName = Release;
		};
		76600E011F11941D00E84365 /* Build configuration list for PBXNativeTarget "GetHerHomeTests" */ = {
			isa = XCConfigurationList;
			buildConfigurations = (
				76600E021F11941D00E84365 /* Debug */,
				76600E031F11941D00E84365 /* Release */,
			);
			defaultConfigurationIsVisible = 0;
			defaultConfigurationName = Release;
		};
		76600E041F11941D00E84365 /* Build configuration list for PBXNativeTarget "GetHerHomeUITests" */ = {
			isa = XCConfigurationList;
			buildConfigurations = (
				76600E051F11941D00E84365 /* Debug */,
				76600E061F11941D00E84365 /* Release */,
			);
			defaultConfigurationIsVisible = 0;
			defaultConfigurationName = Release;
		};
/* End XCConfigurationList section */
	};
	rootObject = 76600DCE1F11941D00E84365 /* Project object */;
}
